// !$*UTF8*$!
{
	archiveVersion = 1;
	classes = {
	};
	objectVersion = 46;
	objects = {

/* Begin PBXBuildFile section */
		A48AF1C31EAF18B000D266F8 /* PinkViewController.swift in Sources */ = {isa = PBXBuildFile; fileRef = A48AF1C21EAF18B000D266F8 /* PinkViewController.swift */; };
		A48AF1C51EAF1C6E00D266F8 /* BlueViewController.swift in Sources */ = {isa = PBXBuildFile; fileRef = A48AF1C41EAF1C6E00D266F8 /* BlueViewController.swift */; };
		A48AF1C71EAF1D0B00D266F8 /* YellowViewController.swift in Sources */ = {isa = PBXBuildFile; fileRef = A48AF1C61EAF1D0B00D266F8 /* YellowViewController.swift */; };
		A4BDBB421EAF11A1007CCC30 /* AppDelegate.swift in Sources */ = {isa = PBXBuildFile; fileRef = A4BDBB411EAF11A1007CCC30 /* AppDelegate.swift */; };
		A4BDBB441EAF11A1007CCC30 /* ViewController.swift in Sources */ = {isa = PBXBuildFile; fileRef = A4BDBB431EAF11A1007CCC30 /* ViewController.swift */; };
		A4BDBB471EAF11A1007CCC30 /* Main.storyboard in Resources */ = {isa = PBXBuildFile; fileRef = A4BDBB451EAF11A1007CCC30 /* Main.storyboard */; };
		A4BDBB491EAF11A1007CCC30 /* Assets.xcassets in Resources */ = {isa = PBXBuildFile; fileRef = A4BDBB481EAF11A1007CCC30 /* Assets.xcassets */; };
		A4BDBB4C1EAF11A1007CCC30 /* LaunchScreen.storyboard in Resources */ = {isa = PBXBuildFile; fileRef = A4BDBB4A1EAF11A1007CCC30 /* LaunchScreen.storyboard */; };
/* End PBXBuildFile section */

/* Begin PBXFileReference section */
		A48AF1C21EAF18B000D266F8 /* PinkViewController.swift */ = {isa = PBXFileReference; fileEncoding = 4; lastKnownFileType = sourcecode.swift; path = PinkViewController.swift; sourceTree = "<group>"; };
		A48AF1C41EAF1C6E00D266F8 /* BlueViewController.swift */ = {isa = PBXFileReference; fileEncoding = 4; lastKnownFileType = sourcecode.swift; path = BlueViewController.swift; sourceTree = "<group>"; };
		A48AF1C61EAF1D0B00D266F8 /* YellowViewController.swift */ = {isa = PBXFileReference; fileEncoding = 4; lastKnownFileType = sourcecode.swift; path = YellowViewController.swift; sourceTree = "<group>"; };
		A4BDBB3E1EAF11A1007CCC30 /* StoryBoardSample.app */ = {isa = PBXFileReference; explicitFileType = wrapper.application; includeInIndex = 0; path = StoryBoardSample.app; sourceTree = BUILT_PRODUCTS_DIR; };
		A4BDBB411EAF11A1007CCC30 /* AppDelegate.swift */ = {isa = PBXFileReference; lastKnownFileType = sourcecode.swift; path = AppDelegate.swift; sourceTree = "<group>"; };
		A4BDBB431EAF11A1007CCC30 /* ViewController.swift */ = {isa = PBXFileReference; lastKnownFileType = sourcecode.swift; path = ViewController.swift; sourceTree = "<group>"; };
		A4BDBB461EAF11A1007CCC30 /* Base */ = {isa = PBXFileReference; lastKnownFileType = file.storyboard; name = Base; path = Base.lproj/Main.storyboard; sourceTree = "<group>"; };
		A4BDBB481EAF11A1007CCC30 /* Assets.xcassets */ = {isa = PBXFileReference; lastKnownFileType = folder.assetcatalog; path = Assets.xcassets; sourceTree = "<group>"; };
		A4BDBB4B1EAF11A1007CCC30 /* Base */ = {isa = PBXFileReference; lastKnownFileType = file.storyboard; name = Base; path = Base.lproj/LaunchScreen.storyboard; sourceTree = "<group>"; };
		A4BDBB4D1EAF11A1007CCC30 /* Info.plist */ = {isa = PBXFileReference; lastKnownFileType = text.plist.xml; path = Info.plist; sourceTree = "<group>"; };
/* End PBXFileReference section */

/* Begin PBXFrameworksBuildPhase section */
		A4BDBB3B1EAF11A1007CCC30 /* Frameworks */ = {
			isa = PBXFrameworksBuildPhase;
			buildActionMask = 2147483647;
			files = (
			);
			runOnlyForDeploymentPostprocessing = 0;
		};
/* End PBXFrameworksBuildPhase section */

/* Begin PBXGroup section */
		A4BDBB351EAF11A1007CCC30 = {
			isa = PBXGroup;
			children = (
				A4BDBB401EAF11A1007CCC30 /* StoryBoardSample */,
				A4BDBB3F1EAF11A1007CCC30 /* Products */,
			);
			sourceTree = "<group>";
		};
		A4BDBB3F1EAF11A1007CCC30 /* Products */ = {
			isa = PBXGroup;
			children = (
				A4BDBB3E1EAF11A1007CCC30 /* StoryBoardSample.app */,
			);
			name = Products;
			sourceTree = "<group>";
		};
		A4BDBB401EAF11A1007CCC30 /* StoryBoardSample */ = {
			isa = PBXGroup;
			children = (
				A4BDBB411EAF11A1007CCC30 /* AppDelegate.swift */,
				A4BDBB431EAF11A1007CCC30 /* ViewController.swift */,
				A4BDBB451EAF11A1007CCC30 /* Main.storyboard */,
				A4BDBB481EAF11A1007CCC30 /* Assets.xcassets */,
				A4BDBB4A1EAF11A1007CCC30 /* LaunchScreen.storyboard */,
				A4BDBB4D1EAF11A1007CCC30 /* Info.plist */,
				A48AF1C21EAF18B000D266F8 /* PinkViewController.swift */,
				A48AF1C41EAF1C6E00D266F8 /* BlueViewController.swift */,
				A48AF1C61EAF1D0B00D266F8 /* YellowViewController.swift */,
			);
			path = StoryBoardSample;
			sourceTree = "<group>";
		};
/* End PBXGroup section */

/* Begin PBXNativeTarget section */
		A4BDBB3D1EAF11A1007CCC30 /* StoryBoardSample */ = {
			isa = PBXNativeTarget;
			buildConfigurationList = A4BDBB501EAF11A1007CCC30 /* Build configuration list for PBXNativeTarget "StoryBoardSample" */;
			buildPhases = (
				A4BDBB3A1EAF11A1007CCC30 /* Sources */,
				A4BDBB3B1EAF11A1007CCC30 /* Frameworks */,
				A4BDBB3C1EAF11A1007CCC30 /* Resources */,
			);
			buildRules = (
			);
			dependencies = (
			);
			name = StoryBoardSample;
			productName = StoryBoardSample;
			productReference = A4BDBB3E1EAF11A1007CCC30 /* StoryBoardSample.app */;
			productType = "com.apple.product-type.application";
		};
/* End PBXNativeTarget section */

/* Begin PBXProject section */
		A4BDBB361EAF11A1007CCC30 /* Project object */ = {
			isa = PBXProject;
			attributes = {
				LastSwiftUpdateCheck = 0820;
				LastUpgradeCheck = 0820;
				ORGANIZATIONNAME = "SDS-015";
				TargetAttributes = {
					A4BDBB3D1EAF11A1007CCC30 = {
						CreatedOnToolsVersion = 8.2.1;
						ProvisioningStyle = Automatic;
					};
				};
			};
			buildConfigurationList = A4BDBB391EAF11A1007CCC30 /* Build configuration list for PBXProject "StoryBoardSample" */;
			compatibilityVersion = "Xcode 3.2";
			developmentRegion = English;
			hasScannedForEncodings = 0;
			knownRegions = (
				en,
				Base,
			);
			mainGroup = A4BDBB351EAF11A1007CCC30;
			productRefGroup = A4BDBB3F1EAF11A1007CCC30 /* Products */;
			projectDirPath = "";
			projectRoot = "";
			targets = (
				A4BDBB3D1EAF11A1007CCC30 /* StoryBoardSample */,
			);
		};
/* End PBXProject section */

/* Begin PBXResourcesBuildPhase section */
		A4BDBB3C1EAF11A1007CCC30 /* Resources */ = {
			isa = PBXResourcesBuildPhase;
			buildActionMask = 2147483647;
			files = (
				A4BDBB4C1EAF11A1007CCC30 /* LaunchScreen.storyboard in Resources */,
				A4BDBB491EAF11A1007CCC30 /* Assets.xcassets in Resources */,
				A4BDBB471EAF11A1007CCC30 /* Main.storyboard in Resources */,
			);
			runOnlyForDeploymentPostprocessing = 0;
		};
/* End PBXResourcesBuildPhase section */

/* Begin PBXSourcesBuildPhase section */
		A4BDBB3A1EAF11A1007CCC30 /* Sources */ = {
			isa = PBXSourcesBuildPhase;
			buildActionMask = 2147483647;
			files = (
				A48AF1C31EAF18B000D266F8 /* PinkViewController.swift in Sources */,
				A4BDBB441EAF11A1007CCC30 /* ViewController.swift in Sources */,
				A48AF1C51EAF1C6E00D266F8 /* BlueViewController.swift in Sources */,
				A4BDBB421EAF11A1007CCC30 /* AppDelegate.swift in Sources */,
				A48AF1C71EAF1D0B00D266F8 /* YellowViewController.swift in Sources */,
			);
			runOnlyForDeploymentPostprocessing = 0;
		};
/* End PBXSourcesBuildPhase section */

/* Begin PBXVariantGroup section */
		A4BDBB451EAF11A1007CCC30 /* Main.storyboard */ = {
			isa = PBXVariantGroup;
			children = (
				A4BDBB461EAF11A1007CCC30 /* Base */,
			);
			name = Main.storyboard;
			sourceTree = "<group>";
		};
		A4BDBB4A1EAF11A1007CCC30 /* LaunchScreen.storyboard */ = {
			isa = PBXVariantGroup;
			children = (
				A4BDBB4B1EAF11A1007CCC30 /* Base */,
			);
			name = LaunchScreen.storyboard;
			sourceTree = "<group>";
		};
/* End PBXVariantGroup section */

/* Begin XCBuildConfiguration section */
		A4BDBB4E1EAF11A1007CCC30 /* Debug */ = {
			isa = XCBuildConfiguration;
			buildSettings = {
				ALWAYS_SEARCH_USER_PATHS = NO;
				CLANG_ANALYZER_NONNULL = YES;
				CLANG_CXX_LANGUAGE_STANDARD = "gnu++0x";
				CLANG_CXX_LIBRARY = "libc++";
				CLANG_ENABLE_MODULES = YES;
				CLANG_ENABLE_OBJC_ARC = YES;
				CLANG_WARN_BOOL_CONVERSION = YES;
				CLANG_WARN_CONSTANT_CONVERSION = YES;
				CLANG_WARN_DIRECT_OBJC_ISA_USAGE = YES_ERROR;
				CLANG_WARN_DOCUMENTATION_COMMENTS = YES;
				CLANG_WARN_EMPTY_BODY = YES;
				CLANG_WARN_ENUM_CONVERSION = YES;
				CLANG_WARN_INFINITE_RECURSION = YES;
				CLANG_WARN_INT_CONVERSION = YES;
				CLANG_WARN_OBJC_ROOT_CLASS = YES_ERROR;
				CLANG_WARN_SUSPICIOUS_MOVE = YES;
				CLANG_WARN_UNREACHABLE_CODE = YES;
				CLANG_WARN__DUPLICATE_METHOD_MATCH = YES;
				"CODE_SIGN_IDENTITY[sdk=iphoneos*]" = "iPhone Developer";
				COPY_PHASE_STRIP = NO;
				DEBUG_INFORMATION_FORMAT = dwarf;
				ENABLE_STRICT_OBJC_MSGSEND = YES;
				ENABLE_TESTABILITY = YES;
				GCC_C_LANGUAGE_STANDARD = gnu99;
				GCC_DYNAMIC_NO_PIC = NO;
				GCC_NO_COMMON_BLOCKS = YES;
				GCC_OPTIMIZATION_LEVEL = 0;
				GCC_PREPROCESSOR_DEFINITIONS = (
					"DEBUG=1",
					"$(inherited)",
				);
				GCC_WARN_64_TO_32_BIT_CONVERSION = YES;
				GCC_WARN_ABOUT_RETURN_TYPE = YES_ERROR;
				GCC_WARN_UNDECLARED_SELECTOR = YES;
				GCC_WARN_UNINITIALIZED_AUTOS = YES_AGGRESSIVE;
				GCC_WARN_UNUSED_FUNCTION = YES;
				GCC_WARN_UNUSED_VARIABLE = YES;
				IPHONEOS_DEPLOYMENT_TARGET = 10.2;
				MTL_ENABLE_DEBUG_INFO = YES;
				ONLY_ACTIVE_ARCH = YES;
				SDKROOT = iphoneos;
				SWIFT_ACTIVE_COMPILATION_CONDITIONS = DEBUG;
				SWIFT_OPTIMIZATION_LEVEL = "-Onone";
			};
			name = Debug;
		};
		A4BDBB4F1EAF11A1007CCC30 /* Release */ = {
			isa = XCBuildConfiguration;
			buildSettings = {
				ALWAYS_SEARCH_USER_PATHS = NO;
				CLANG_ANALYZER_NONNULL = YES;
				CLANG_CXX_LANGUAGE_STANDARD = "gnu++0x";
				CLANG_CXX_LIBRARY = "libc++";
				CLANG_ENABLE_MODULES = YES;
				CLANG_ENABLE_OBJC_ARC = YES;
				CLANG_WARN_BOOL_CONVERSION = YES;
				CLANG_WARN_CONSTANT_CONVERSION = YES;
				CLANG_WARN_DIRECT_OBJC_ISA_USAGE = YES_ERROR;
				CLANG_WARN_DOCUMENTATION_COMMENTS = YES;
				CLANG_WARN_EMPTY_BODY = YES;
				CLANG_WARN_ENUM_CONVERSION = YES;
				CLANG_WARN_INFINITE_RECURSION = YES;
				CLANG_WARN_INT_CONVERSION = YES;
				CLANG_WARN_OBJC_ROOT_CLASS = YES_ERROR;
				CLANG_WARN_SUSPICIOUS_MOVE = YES;
				CLANG_WARN_UNREACHABLE_CODE = YES;
				CLANG_WARN__DUPLICATE_METHOD_MATCH = YES;
				"CODE_SIGN_IDENTITY[sdk=iphoneos*]" = "iPhone Developer";
				COPY_PHASE_STRIP = NO;
				DEBUG_INFORMATION_FORMAT = "dwarf-with-dsym";
				ENABLE_NS_ASSERTIONS = NO;
				ENABLE_STRICT_OBJC_MSGSEND = YES;
				GCC_C_LANGUAGE_STANDARD = gnu99;
				GCC_NO_COMMON_BLOCKS = YES;
				GCC_WARN_64_TO_32_BIT_CONVERSION = YES;
				GCC_WARN_ABOUT_RETURN_TYPE = YES_ERROR;
				GCC_WARN_UNDECLARED_SELECTOR = YES;
				GCC_WARN_UNINITIALIZED_AUTOS = YES_AGGRESSIVE;
				GCC_WARN_UNUSED_FUNCTION = YES;
				GCC_WARN_UNUSED_VARIABLE = YES;
				IPHONEOS_DEPLOYMENT_TARGET = 10.2;
				MTL_ENABLE_DEBUG_INFO = NO;
				SDKROOT = iphoneos;
				SWIFT_OPTIMIZATION_LEVEL = "-Owholemodule";
				VALIDATE_PRODUCT = YES;
			};
			name = Release;
		};
		A4BDBB511EAF11A1007CCC30 /* Debug */ = {
			isa = XCBuildConfiguration;
			buildSettings = {
				ASSETCATALOG_COMPILER_APPICON_NAME = AppIcon;
				INFOPLIST_FILE = StoryBoardSample/Info.plist;
				LD_RUNPATH_SEARCH_PATHS = "$(inherited) @executable_path/Frameworks";
				PRODUCT_BUNDLE_IDENTIFIER = com.skms.sds.StoryBoardSample;
				PRODUCT_NAME = "$(TARGET_NAME)";
				SWIFT_VERSION = 3.0;
			};
			name = Debug;
		};
		A4BDBB521EAF11A1007CCC30 /* Release */ = {
			isa = XCBuildConfiguration;
			buildSettings = {
				ASSETCATALOG_COMPILER_APPICON_NAME = AppIcon;
				INFOPLIST_FILE = StoryBoardSample/Info.plist;
				LD_RUNPATH_SEARCH_PATHS = "$(inherited) @executable_path/Frameworks";
				PRODUCT_BUNDLE_IDENTIFIER = com.skms.sds.StoryBoardSample;
				PRODUCT_NAME = "$(TARGET_NAME)";
				SWIFT_VERSION = 3.0;
			};
			name = Release;
		};
/* End XCBuildConfiguration section */

/* Begin XCConfigurationList section */
		A4BDBB391EAF11A1007CCC30 /* Build configuration list for PBXProject "StoryBoardSample" */ = {
			isa = XCConfigurationList;
			buildConfigurations = (
				A4BDBB4E1EAF11A1007CCC30 /* Debug */,
				A4BDBB4F1EAF11A1007CCC30 /* Release */,
			);
			defaultConfigurationIsVisible = 0;
			defaultConfigurationName = Release;
		};
		A4BDBB501EAF11A1007CCC30 /* Build configuration list for PBXNativeTarget "StoryBoardSample" */ = {
			isa = XCConfigurationList;
			buildConfigurations = (
				A4BDBB511EAF11A1007CCC30 /* Debug */,
				A4BDBB521EAF11A1007CCC30 /* Release */,
			);
			defaultConfigurationIsVisible = 0;
			defaultConfigurationName = Release;
		};
/* End XCConfigurationList section */
	};
	rootObject = A4BDBB361EAF11A1007CCC30 /* Project object */;
}
